<?xml version="1.0" encoding="utf-8"?>
<Project ToolsVersion="4.0" xmlns="http://schemas.microsoft.com/developer/msbuild/2003">
  <ItemGroup>
    <Filter Include="Исходные файлы">
      <UniqueIdentifier>{4FC737F1-C7A5-4376-A066-2A32D752A2FF}</UniqueIdentifier>
      <Extensions>cpp;c;cc;cxx;c++;cppm;ixx;def;odl;idl;hpj;bat;asm;asmx</Extensions>
    </Filter>
    <Filter Include="Файлы заголовков">
      <UniqueIdentifier>{93995380-89BD-4b04-88EB-625FBE52EBFB}</UniqueIdentifier>
      <Extensions>h;hh;hpp;hxx;h++;hm;inl;inc;ipp;xsd</Extensions>
    </Filter>
    <Filter Include="Файлы ресурсов">
      <UniqueIdentifier>{67DA6AB6-F800-4c08-8B7A-83BB121AAD01}</UniqueIdentifier>
      <Extensions>rc;ico;cur;bmp;dlg;rc2;rct;bin;rgs;gif;jpg;jpeg;jpe;resx;tiff;tif;png;wav;mfcribbon-ms</Extensions>
    </Filter>
    <Filter Include="DifferentialEqSolving">
      <UniqueIdentifier>{91c0600f-d8ed-4260-a148-2397094e4d9f}</UniqueIdentifier>
    </Filter>
  </ItemGroup>
  <ItemGroup>
    <ClCompile Include="Numerical_methods_2.cpp">
      <Filter>Исходные файлы</Filter>
    </ClCompile>
    <ClCompile Include="Graphic\graphic.cpp">
      <Filter>Исходные файлы</Filter>
    </ClCompile>
    <ClCompile Include="CauchyProblem\AdamsBashfortMethod.cpp">
      <Filter>Исходные файлы</Filter>
    </ClCompile>
    <ClCompile Include="CauchyProblem\CauchyProblem.cpp">
      <Filter>Исходные файлы</Filter>
    </ClCompile>
    <ClCompile Include="CauchyProblem\EulerMethod.cpp">
      <Filter>Исходные файлы</Filter>
    </ClCompile>
    <ClCompile Include="CauchyProblem\RungeKuttaMethod.cpp">
      <Filter>Исходные файлы</Filter>
    </ClCompile>
    <ClCompile Include="NonlinearEquations\bisection_method.cpp">
      <Filter>Исходные файлы</Filter>
    </ClCompile>
    <ClCompile Include="NonlinearEquations\newton_method.cpp">
      <Filter>Исходные файлы</Filter>
    </ClCompile>
    <ClCompile Include="NonlinearEquations\nonlinear_equation.cpp">
      <Filter>Исходные файлы</Filter>
    </ClCompile>
    <ClCompile Include="NonlinearEquations\relaxation_method.cpp">
      <Filter>Исходные файлы</Filter>
    </ClCompile>
    <ClCompile Include="NonlinearEquations\simple_iteration_method.cpp">
      <Filter>Исходные файлы</Filter>
    </ClCompile>
    <ClCompile Include="NonlinearSystems\gauss_method.cpp">
      <Filter>Исходные файлы</Filter>
    </ClCompile>
    <ClCompile Include="NonlinearSystems\newton_method_system.cpp">
      <Filter>Исходные файлы</Filter>
    </ClCompile>
    <ClCompile Include="NonlinearSystems\nonlinear_system.cpp">
      <Filter>Исходные файлы</Filter>
    </ClCompile>
    <ClCompile Include="NonlinearSystems\simple_iterations_system.cpp">
      <Filter>Исходные файлы</Filter>
    </ClCompile>
    <ClCompile Include="Integral\Integral.cpp">
      <Filter>Исходные файлы</Filter>
    </ClCompile>
  </ItemGroup>
  <ItemGroup>
    <ClInclude Include="Graphic\graphic.h">
      <Filter>Файлы заголовков</Filter>
    </ClInclude>
    <ClInclude Include="CauchyProblem\AdamsBashfortMethod.h">
      <Filter>Файлы заголовков</Filter>
    </ClInclude>
    <ClInclude Include="CauchyProblem\CauchyProblem.h">
      <Filter>Файлы заголовков</Filter>
    </ClInclude>
    <ClInclude Include="CauchyProblem\EulerMethod.h">
      <Filter>Файлы заголовков</Filter>
    </ClInclude>
    <ClInclude Include="CauchyProblem\RungeKuttaMethod.h">
      <Filter>Файлы заголовков</Filter>
    </ClInclude>
    <ClInclude Include="NonlinearEquations\bisection_method.h">
      <Filter>Файлы заголовков</Filter>
    </ClInclude>
    <ClInclude Include="NonlinearEquations\newton_method.h">
      <Filter>Файлы заголовков</Filter>
    </ClInclude>
    <ClInclude Include="NonlinearEquations\nonlinear_equation.h">
      <Filter>Файлы заголовков</Filter>
    </ClInclude>
    <ClInclude Include="NonlinearEquations\relaxation_method.h">
      <Filter>Файлы заголовков</Filter>
    </ClInclude>
    <ClInclude Include="NonlinearEquations\simple_iteration_method.h">
      <Filter>Файлы заголовков</Filter>
    </ClInclude>
    <ClInclude Include="NonlinearSystems\gauss_method.h">
      <Filter>Файлы заголовков</Filter>
    </ClInclude>
    <ClInclude Include="NonlinearSystems\newton_method_system.h">
      <Filter>Файлы заголовков</Filter>
    </ClInclude>
    <ClInclude Include="NonlinearSystems\nonlinear_system.h">
      <Filter>Файлы заголовков</Filter>
    </ClInclude>
    <ClInclude Include="NonlinearSystems\simple_iterations_system.h">
      <Filter>Файлы заголовков</Filter>
    </ClInclude>
    <ClInclude Include="Integral\Integral.h">
      <Filter>Файлы заголовков</Filter>
    </ClInclude>
  </ItemGroup>
  <ItemGroup>
    <None Include="Graphic\vertexShader.glsl" />
    <None Include="Graphic\fragmentShader.glsl" />
    <None Include="Graphic\dotsFragmentShader.glsl" />
    <None Include="Graphic\coordFragShader.glsl" />
  </ItemGroup>
  <ItemGroup>
    <Text Include="NonlinearEquations\info.txt" />
    <Text Include="NonlinearSystems\info.txt" />
  </ItemGroup>
</Project>